
Microsoft Visual Studio Solution File, Format Version 12.00
# Visual Studio Version 17
VisualStudioVersion = 17.6.33829.357
MinimumVisualStudioVersion = 10.0.40219.1
Project("{FAE04EC0-301F-11D3-BF4B-00C04F79EFBC}") = "WinFormsApp1", "WinFormsApp1\WinFormsApp1.csproj", "{62CE6B99-506B-43CB-9853-91D638FFF86B}"
EndProject
Global
	GlobalSection(SolutionConfigurationPlatforms) = preSolution
		Debug|Any CPU = Debug|Any CPU
		Release|Any CPU = Release|Any CPU
	EndGlobalSection
	GlobalSection(ProjectConfigurationPlatforms) = postSolution
		{62CE6B99-506B-43CB-9853-91D638FFF86B}.Debug|Any CPU.ActiveCfg = Debug|Any CPU
		{62CE6B99-506B-43CB-9853-91D638FFF86B}.Debug|Any CPU.Build.0 = Debug|Any CPU
		{62CE6B99-506B-43CB-9853-91D638FFF86B}.Release|Any CPU.ActiveCfg = Release|Any CPU
		{62CE6B99-506B-43CB-9853-91D638FFF86B}.Release|Any CPU.Build.0 = Release|Any CPU
	EndGlobalSection
	GlobalSection(SolutionProperties) = preSolution
		HideSolutionNode = FALSE
	EndGlobalSection
	GlobalSection(ExtensibilityGlobals) = postSolution
		SolutionGuid = {8B50E80F-01B2-46CD-822D-7DF9E030E06A}
	EndGlobalSection
EndGlobal
